{
  "name": "codex-cli-wakatime",
  "version": "1.0.0",
  "lockfileVersion": 3,
  "requires": true,
  "packages": {
    "": {
      "name": "codex-cli-wakatime",
      "version": "1.0.0",
      "license": "BSD-3-Clause",
      "bin": {
        "codex-cli-wakatime": "bin/codex-cli-wakatime.js"
      }
    }
  }
}
